
Microsoft Visual Studio Solution File, Format Version 12.00
# Visual Studio 15
VisualStudioVersion = 15.0.28010.2003
MinimumVisualStudioVersion = 10.0.40219.1
Project("{FAE04EC0-301F-11D3-BF4B-00C04F79EFBC}") = "Squiggle", "Squiggle\Squiggle.csproj", "{18621A9D-FF53-4597-A433-EF7D33DEC077}"
EndProject
Global
	GlobalSection(SolutionConfigurationPlatforms) = preSolution
		Debug|Any CPU = Debug|Any CPU
		Release|Any CPU = Release|Any CPU
	EndGlobalSection
	GlobalSection(ProjectConfigurationPlatforms) = postSolution
		{18621A9D-FF53-4597-A433-EF7D33DEC077}.Debug|Any CPU.ActiveCfg = Debug|Any CPU
		{18621A9D-FF53-4597-A433-EF7D33DEC077}.Debug|Any CPU.Build.0 = Debug|Any CPU
		{18621A9D-FF53-4597-A433-EF7D33DEC077}.Release|Any CPU.ActiveCfg = Release|Any CPU
		{18621A9D-FF53-4597-A433-EF7D33DEC077}.Release|Any CPU.Build.0 = Release|Any CPU
	EndGlobalSection
	GlobalSection(SolutionProperties) = preSolution
		HideSolutionNode = FALSE
	EndGlobalSection
	GlobalSection(ExtensibilityGlobals) = postSolution
		SolutionGuid = {B62E808A-DCA3-4B4F-9C28-0A6FB422B970}
	EndGlobalSection
EndGlobal
